
Microsoft Visual Studio Solution File, Format Version 12.00
# Visual Studio Version 16
VisualStudioVersion = 16.0.30413.136
MinimumVisualStudioVersion = 10.0.40219.1
Project("{FAE04EC0-301F-11D3-BF4B-00C04F79EFBC}") = "Shapes", "Shapes\Shapes.csproj", "{4B536BB7-37DD-4DF3-95EC-2070E86AFF4B}"
EndProject
Project("{FAE04EC0-301F-11D3-BF4B-00C04F79EFBC}") = "Cars", "Cars\Cars.csproj", "{8ED21D94-98AD-4B0F-B6AE-EFCE906B5A01}"
EndProject
Global
	GlobalSection(SolutionConfigurationPlatforms) = preSolution
		Debug|Any CPU = Debug|Any CPU
		Release|Any CPU = Release|Any CPU
	EndGlobalSection
	GlobalSection(ProjectConfigurationPlatforms) = postSolution
		{4B536BB7-37DD-4DF3-95EC-2070E86AFF4B}.Debug|Any CPU.ActiveCfg = Debug|Any CPU
		{4B536BB7-37DD-4DF3-95EC-2070E86AFF4B}.Debug|Any CPU.Build.0 = Debug|Any CPU
		{4B536BB7-37DD-4DF3-95EC-2070E86AFF4B}.Release|Any CPU.ActiveCfg = Release|Any CPU
		{4B536BB7-37DD-4DF3-95EC-2070E86AFF4B}.Release|Any CPU.Build.0 = Release|Any CPU
		{8ED21D94-98AD-4B0F-B6AE-EFCE906B5A01}.Debug|Any CPU.ActiveCfg = Debug|Any CPU
		{8ED21D94-98AD-4B0F-B6AE-EFCE906B5A01}.Debug|Any CPU.Build.0 = Debug|Any CPU
		{8ED21D94-98AD-4B0F-B6AE-EFCE906B5A01}.Release|Any CPU.ActiveCfg = Release|Any CPU
		{8ED21D94-98AD-4B0F-B6AE-EFCE906B5A01}.Release|Any CPU.Build.0 = Release|Any CPU
	EndGlobalSection
	GlobalSection(SolutionProperties) = preSolution
		HideSolutionNode = FALSE
	EndGlobalSection
	GlobalSection(ExtensibilityGlobals) = postSolution
		SolutionGuid = {F2105DFF-47FB-4E6B-9A29-12F7D85A5777}
	EndGlobalSection
EndGlobal
