
Microsoft Visual Studio Solution File, Format Version 12.00
# Visual Studio Version 16
VisualStudioVersion = 16.0.30413.136
MinimumVisualStudioVersion = 10.0.40219.1
Project("{FAE04EC0-301F-11D3-BF4B-00C04F79EFBC}") = "TestAxe", "TestAxe\TestAxe.csproj", "{B9CAD2C2-E451-4089-A15A-A62B596ABEC9}"
EndProject
Global
	GlobalSection(SolutionConfigurationPlatforms) = preSolution
		Debug|Any CPU = Debug|Any CPU
		Release|Any CPU = Release|Any CPU
	EndGlobalSection
	GlobalSection(ProjectConfigurationPlatforms) = postSolution
		{B9CAD2C2-E451-4089-A15A-A62B596ABEC9}.Debug|Any CPU.ActiveCfg = Debug|Any CPU
		{B9CAD2C2-E451-4089-A15A-A62B596ABEC9}.Debug|Any CPU.Build.0 = Debug|Any CPU
		{B9CAD2C2-E451-4089-A15A-A62B596ABEC9}.Release|Any CPU.ActiveCfg = Release|Any CPU
		{B9CAD2C2-E451-4089-A15A-A62B596ABEC9}.Release|Any CPU.Build.0 = Release|Any CPU
	EndGlobalSection
	GlobalSection(SolutionProperties) = preSolution
		HideSolutionNode = FALSE
	EndGlobalSection
	GlobalSection(ExtensibilityGlobals) = postSolution
		SolutionGuid = {95564290-1B7D-43B4-99EE-260F440B0C5D}
	EndGlobalSection
EndGlobal
