
Microsoft Visual Studio Solution File, Format Version 12.00
# Visual Studio Version 16
VisualStudioVersion = 16.0.30413.136
MinimumVisualStudioVersion = 10.0.40219.1
Project("{9A19103F-16F7-4668-BE54-9A1E7A4F7556}") = "Person", "Person\Person.csproj", "{852B841D-6D21-41FB-8C39-2C8D686CEB5F}"
EndProject
Project("{9A19103F-16F7-4668-BE54-9A1E7A4F7556}") = "Zoo", "Zoo\Zoo.csproj", "{6719A7C4-C12E-450D-8248-074AC1F4FD29}"
EndProject
Project("{9A19103F-16F7-4668-BE54-9A1E7A4F7556}") = "PlayersAndMonsters", "PlayersAndMonsters\PlayersAndMonsters.csproj", "{270C9B92-5FF6-4ABF-9168-8F997495538E}"
EndProject
Project("{9A19103F-16F7-4668-BE54-9A1E7A4F7556}") = "NeedForSpeed", "NeedForSpeed\NeedForSpeed.csproj", "{5DA3AA09-8A6A-411B-BB15-5C16CA93962C}"
EndProject
Project("{9A19103F-16F7-4668-BE54-9A1E7A4F7556}") = "Restaurant", "Restaurant\Restaurant.csproj", "{260F38C2-ED68-4AE6-8797-D16E5956ABCE}"
EndProject
Project("{FAE04EC0-301F-11D3-BF4B-00C04F79EFBC}") = "Animals", "Animals\Animals.csproj", "{970F040F-62CE-4473-9A94-6EA16E2E7787}"
EndProject
Global
	GlobalSection(SolutionConfigurationPlatforms) = preSolution
		Debug|Any CPU = Debug|Any CPU
		Release|Any CPU = Release|Any CPU
	EndGlobalSection
	GlobalSection(ProjectConfigurationPlatforms) = postSolution
		{852B841D-6D21-41FB-8C39-2C8D686CEB5F}.Debug|Any CPU.ActiveCfg = Debug|Any CPU
		{852B841D-6D21-41FB-8C39-2C8D686CEB5F}.Debug|Any CPU.Build.0 = Debug|Any CPU
		{852B841D-6D21-41FB-8C39-2C8D686CEB5F}.Release|Any CPU.ActiveCfg = Release|Any CPU
		{852B841D-6D21-41FB-8C39-2C8D686CEB5F}.Release|Any CPU.Build.0 = Release|Any CPU
		{6719A7C4-C12E-450D-8248-074AC1F4FD29}.Debug|Any CPU.ActiveCfg = Debug|Any CPU
		{6719A7C4-C12E-450D-8248-074AC1F4FD29}.Debug|Any CPU.Build.0 = Debug|Any CPU
		{6719A7C4-C12E-450D-8248-074AC1F4FD29}.Release|Any CPU.ActiveCfg = Release|Any CPU
		{6719A7C4-C12E-450D-8248-074AC1F4FD29}.Release|Any CPU.Build.0 = Release|Any CPU
		{270C9B92-5FF6-4ABF-9168-8F997495538E}.Debug|Any CPU.ActiveCfg = Debug|Any CPU
		{270C9B92-5FF6-4ABF-9168-8F997495538E}.Debug|Any CPU.Build.0 = Debug|Any CPU
		{270C9B92-5FF6-4ABF-9168-8F997495538E}.Release|Any CPU.ActiveCfg = Release|Any CPU
		{270C9B92-5FF6-4ABF-9168-8F997495538E}.Release|Any CPU.Build.0 = Release|Any CPU
		{5DA3AA09-8A6A-411B-BB15-5C16CA93962C}.Debug|Any CPU.ActiveCfg = Debug|Any CPU
		{5DA3AA09-8A6A-411B-BB15-5C16CA93962C}.Debug|Any CPU.Build.0 = Debug|Any CPU
		{5DA3AA09-8A6A-411B-BB15-5C16CA93962C}.Release|Any CPU.ActiveCfg = Release|Any CPU
		{5DA3AA09-8A6A-411B-BB15-5C16CA93962C}.Release|Any CPU.Build.0 = Release|Any CPU
		{260F38C2-ED68-4AE6-8797-D16E5956ABCE}.Debug|Any CPU.ActiveCfg = Debug|Any CPU
		{260F38C2-ED68-4AE6-8797-D16E5956ABCE}.Debug|Any CPU.Build.0 = Debug|Any CPU
		{260F38C2-ED68-4AE6-8797-D16E5956ABCE}.Release|Any CPU.ActiveCfg = Release|Any CPU
		{260F38C2-ED68-4AE6-8797-D16E5956ABCE}.Release|Any CPU.Build.0 = Release|Any CPU
		{970F040F-62CE-4473-9A94-6EA16E2E7787}.Debug|Any CPU.ActiveCfg = Debug|Any CPU
		{970F040F-62CE-4473-9A94-6EA16E2E7787}.Debug|Any CPU.Build.0 = Debug|Any CPU
		{970F040F-62CE-4473-9A94-6EA16E2E7787}.Release|Any CPU.ActiveCfg = Release|Any CPU
		{970F040F-62CE-4473-9A94-6EA16E2E7787}.Release|Any CPU.Build.0 = Release|Any CPU
	EndGlobalSection
	GlobalSection(SolutionProperties) = preSolution
		HideSolutionNode = FALSE
	EndGlobalSection
	GlobalSection(ExtensibilityGlobals) = postSolution
		SolutionGuid = {F69E6690-744B-4FF1-82CF-AF878AEC63BD}
	EndGlobalSection
EndGlobal
