
Microsoft Visual Studio Solution File, Format Version 12.00
# Visual Studio Version 16
VisualStudioVersion = 16.0.30523.141
MinimumVisualStudioVersion = 10.0.40219.1
Project("{9A19103F-16F7-4668-BE54-9A1E7A4F7556}") = "FakeAxeAndDummy", "FakeAxeAndDummy\FakeAxeAndDummy.csproj", "{83DBCFA8-447D-4E30-BB28-E1A9D92594AA}"
EndProject
Project("{9A19103F-16F7-4668-BE54-9A1E7A4F7556}") = "FakeAxeAndDummy.Tests", "FakeAxeAndDummy.Tests\FakeAxeAndDummy.Tests.csproj", "{61312758-B793-4BE2-9B2B-D9F9C51CFD90}"
EndProject
Global
	GlobalSection(SolutionConfigurationPlatforms) = preSolution
		Debug|Any CPU = Debug|Any CPU
		Release|Any CPU = Release|Any CPU
	EndGlobalSection
	GlobalSection(ProjectConfigurationPlatforms) = postSolution
		{83DBCFA8-447D-4E30-BB28-E1A9D92594AA}.Debug|Any CPU.ActiveCfg = Debug|Any CPU
		{83DBCFA8-447D-4E30-BB28-E1A9D92594AA}.Debug|Any CPU.Build.0 = Debug|Any CPU
		{83DBCFA8-447D-4E30-BB28-E1A9D92594AA}.Release|Any CPU.ActiveCfg = Release|Any CPU
		{83DBCFA8-447D-4E30-BB28-E1A9D92594AA}.Release|Any CPU.Build.0 = Release|Any CPU
		{61312758-B793-4BE2-9B2B-D9F9C51CFD90}.Debug|Any CPU.ActiveCfg = Debug|Any CPU
		{61312758-B793-4BE2-9B2B-D9F9C51CFD90}.Debug|Any CPU.Build.0 = Debug|Any CPU
		{61312758-B793-4BE2-9B2B-D9F9C51CFD90}.Release|Any CPU.ActiveCfg = Release|Any CPU
		{61312758-B793-4BE2-9B2B-D9F9C51CFD90}.Release|Any CPU.Build.0 = Release|Any CPU
	EndGlobalSection
	GlobalSection(SolutionProperties) = preSolution
		HideSolutionNode = FALSE
	EndGlobalSection
	GlobalSection(ExtensibilityGlobals) = postSolution
		SolutionGuid = {A089BF20-C572-4AC8-9393-FB8E884A8E11}
	EndGlobalSection
EndGlobal
