
Microsoft Visual Studio Solution File, Format Version 12.00
# Visual Studio Version 16
VisualStudioVersion = 16.0.30413.136
MinimumVisualStudioVersion = 10.0.40219.1
Project("{FAE04EC0-301F-11D3-BF4B-00C04F79EFBC}") = "Custom_DI_Framework", "Custom_DI_Framework\Custom_DI_Framework.csproj", "{8341DEE3-125A-40F2-8C75-089AFF320E5F}"
EndProject
Global
	GlobalSection(SolutionConfigurationPlatforms) = preSolution
		Debug|Any CPU = Debug|Any CPU
		Release|Any CPU = Release|Any CPU
	EndGlobalSection
	GlobalSection(ProjectConfigurationPlatforms) = postSolution
		{8341DEE3-125A-40F2-8C75-089AFF320E5F}.Debug|Any CPU.ActiveCfg = Debug|Any CPU
		{8341DEE3-125A-40F2-8C75-089AFF320E5F}.Debug|Any CPU.Build.0 = Debug|Any CPU
		{8341DEE3-125A-40F2-8C75-089AFF320E5F}.Release|Any CPU.ActiveCfg = Release|Any CPU
		{8341DEE3-125A-40F2-8C75-089AFF320E5F}.Release|Any CPU.Build.0 = Release|Any CPU
	EndGlobalSection
	GlobalSection(SolutionProperties) = preSolution
		HideSolutionNode = FALSE
	EndGlobalSection
	GlobalSection(ExtensibilityGlobals) = postSolution
		SolutionGuid = {8C3C2E33-6A0A-4DBB-A025-8F92BFF042DF}
	EndGlobalSection
EndGlobal
